
Microsoft Visual Studio Solution File, Format Version 12.00
# Visual Studio 15
Project("{FAE04EC0-301F-11D3-BF4B-00C04F79EFBC}") = "PhotonUnityNetworking.Utilities", "PhotonUnityNetworking.Utilities.csproj", "{D6817959-C014-1D39-2B85-FB35ADF2BCFA}"
EndProject
Project("{FAE04EC0-301F-11D3-BF4B-00C04F79EFBC}") = "Assembly-CSharp", "Assembly-CSharp.csproj", "{02AFD2D5-603D-71D3-12FF-5F1E46362298}"
EndProject
Project("{FAE04EC0-301F-11D3-BF4B-00C04F79EFBC}") = "PhotonUnityNetworking.Demos", "PhotonUnityNetworking.Demos.csproj", "{A57023A7-EB82-3C33-5239-EEE1948C537F}"
EndProject
Project("{FAE04EC0-301F-11D3-BF4B-00C04F79EFBC}") = "PhotonUnityNetworking", "PhotonUnityNetworking.csproj", "{852CE5F5-7770-E6C9-016C-BE8A1ED7EFD5}"
EndProject
Project("{FAE04EC0-301F-11D3-BF4B-00C04F79EFBC}") = "PhotonChat", "PhotonChat.csproj", "{9A4F542A-B2DE-140A-0D44-7FBC1E4DABA3}"
EndProject
Project("{FAE04EC0-301F-11D3-BF4B-00C04F79EFBC}") = "PhotonRealtime", "PhotonRealtime.csproj", "{6A65D033-C007-00E3-E61F-9A8C279FD7BB}"
EndProject
Project("{FAE04EC0-301F-11D3-BF4B-00C04F79EFBC}") = "PhotonUnityNetworking.Editor", "PhotonUnityNetworking.Editor.csproj", "{264E5BB9-096F-BA88-1E24-6EE8A077EB8A}"
EndProject
Project("{FAE04EC0-301F-11D3-BF4B-00C04F79EFBC}") = "ParrelSync", "ParrelSync.csproj", "{14B02042-E562-24D0-745B-455048BCE937}"
EndProject
Project("{FAE04EC0-301F-11D3-BF4B-00C04F79EFBC}") = "Assembly-CSharp-Editor", "Assembly-CSharp-Editor.csproj", "{8383D4FF-42CF-A199-9953-5BB2C694E0CF}"
EndProject
Project("{FAE04EC0-301F-11D3-BF4B-00C04F79EFBC}") = "PhotonUnityNetworking.Utilities.PhotonPlayer.Editor", "PhotonUnityNetworking.Utilities.PhotonPlayer.Editor.csproj", "{EA69F55A-BFFF-E3EB-7651-513A145C77E8}"
EndProject
Project("{FAE04EC0-301F-11D3-BF4B-00C04F79EFBC}") = "PunDemos.DemoSlotcarEditor", "PunDemos.DemoSlotcarEditor.csproj", "{59D36363-8BC4-A50C-4964-7EAB6CB4F117}"
EndProject
Project("{FAE04EC0-301F-11D3-BF4B-00C04F79EFBC}") = "PhotonUnityNetworking.Utilities.Culling.Editor", "PhotonUnityNetworking.Utilities.Culling.Editor.csproj", "{38B82785-4DA2-964E-F3DF-20DBCAAC1679}"
EndProject
Project("{FAE04EC0-301F-11D3-BF4B-00C04F79EFBC}") = "PunDemos.DemoHubEditor", "PunDemos.DemoHubEditor.csproj", "{A072F145-DF0C-7014-2E09-9D1BCE244E18}"
EndProject
Global
	GlobalSection(SolutionConfigurationPlatforms) = preSolution
		Debug|Any CPU = Debug|Any CPU
		Release|Any CPU = Release|Any CPU
	EndGlobalSection
	GlobalSection(ProjectConfigurationPlatforms) = postSolution
		{D6817959-C014-1D39-2B85-FB35ADF2BCFA}.Debug|Any CPU.ActiveCfg = Debug|Any CPU
		{D6817959-C014-1D39-2B85-FB35ADF2BCFA}.Debug|Any CPU.Build.0 = Debug|Any CPU
		{D6817959-C014-1D39-2B85-FB35ADF2BCFA}.Release|Any CPU.ActiveCfg = Release|Any CPU
		{D6817959-C014-1D39-2B85-FB35ADF2BCFA}.Release|Any CPU.Build.0 = Release|Any CPU
		{02AFD2D5-603D-71D3-12FF-5F1E46362298}.Debug|Any CPU.ActiveCfg = Debug|Any CPU
		{02AFD2D5-603D-71D3-12FF-5F1E46362298}.Debug|Any CPU.Build.0 = Debug|Any CPU
		{02AFD2D5-603D-71D3-12FF-5F1E46362298}.Release|Any CPU.ActiveCfg = Release|Any CPU
		{02AFD2D5-603D-71D3-12FF-5F1E46362298}.Release|Any CPU.Build.0 = Release|Any CPU
		{A57023A7-EB82-3C33-5239-EEE1948C537F}.Debug|Any CPU.ActiveCfg = Debug|Any CPU
		{A57023A7-EB82-3C33-5239-EEE1948C537F}.Debug|Any CPU.Build.0 = Debug|Any CPU
		{A57023A7-EB82-3C33-5239-EEE1948C537F}.Release|Any CPU.ActiveCfg = Release|Any CPU
		{A57023A7-EB82-3C33-5239-EEE1948C537F}.Release|Any CPU.Build.0 = Release|Any CPU
		{852CE5F5-7770-E6C9-016C-BE8A1ED7EFD5}.Debug|Any CPU.ActiveCfg = Debug|Any CPU
		{852CE5F5-7770-E6C9-016C-BE8A1ED7EFD5}.Debug|Any CPU.Build.0 = Debug|Any CPU
		{852CE5F5-7770-E6C9-016C-BE8A1ED7EFD5}.Release|Any CPU.ActiveCfg = Release|Any CPU
		{852CE5F5-7770-E6C9-016C-BE8A1ED7EFD5}.Release|Any CPU.Build.0 = Release|Any CPU
		{9A4F542A-B2DE-140A-0D44-7FBC1E4DABA3}.Debug|Any CPU.ActiveCfg = Debug|Any CPU
		{9A4F542A-B2DE-140A-0D44-7FBC1E4DABA3}.Debug|Any CPU.Build.0 = Debug|Any CPU
		{9A4F542A-B2DE-140A-0D44-7FBC1E4DABA3}.Release|Any CPU.ActiveCfg = Release|Any CPU
		{9A4F542A-B2DE-140A-0D44-7FBC1E4DABA3}.Release|Any CPU.Build.0 = Release|Any CPU
		{6A65D033-C007-00E3-E61F-9A8C279FD7BB}.Debug|Any CPU.ActiveCfg = Debug|Any CPU
		{6A65D033-C007-00E3-E61F-9A8C279FD7BB}.Debug|Any CPU.Build.0 = Debug|Any CPU
		{6A65D033-C007-00E3-E61F-9A8C279FD7BB}.Release|Any CPU.ActiveCfg = Release|Any CPU
		{6A65D033-C007-00E3-E61F-9A8C279FD7BB}.Release|Any CPU.Build.0 = Release|Any CPU
		{264E5BB9-096F-BA88-1E24-6EE8A077EB8A}.Debug|Any CPU.ActiveCfg = Debug|Any CPU
		{264E5BB9-096F-BA88-1E24-6EE8A077EB8A}.Debug|Any CPU.Build.0 = Debug|Any CPU
		{264E5BB9-096F-BA88-1E24-6EE8A077EB8A}.Release|Any CPU.ActiveCfg = Release|Any CPU
		{264E5BB9-096F-BA88-1E24-6EE8A077EB8A}.Release|Any CPU.Build.0 = Release|Any CPU
		{14B02042-E562-24D0-745B-455048BCE937}.Debug|Any CPU.ActiveCfg = Debug|Any CPU
		{14B02042-E562-24D0-745B-455048BCE937}.Debug|Any CPU.Build.0 = Debug|Any CPU
		{14B02042-E562-24D0-745B-455048BCE937}.Release|Any CPU.ActiveCfg = Release|Any CPU
		{14B02042-E562-24D0-745B-455048BCE937}.Release|Any CPU.Build.0 = Release|Any CPU
		{8383D4FF-42CF-A199-9953-5BB2C694E0CF}.Debug|Any CPU.ActiveCfg = Debug|Any CPU
		{8383D4FF-42CF-A199-9953-5BB2C694E0CF}.Debug|Any CPU.Build.0 = Debug|Any CPU
		{8383D4FF-42CF-A199-9953-5BB2C694E0CF}.Release|Any CPU.ActiveCfg = Release|Any CPU
		{8383D4FF-42CF-A199-9953-5BB2C694E0CF}.Release|Any CPU.Build.0 = Release|Any CPU
		{EA69F55A-BFFF-E3EB-7651-513A145C77E8}.Debug|Any CPU.ActiveCfg = Debug|Any CPU
		{EA69F55A-BFFF-E3EB-7651-513A145C77E8}.Debug|Any CPU.Build.0 = Debug|Any CPU
		{EA69F55A-BFFF-E3EB-7651-513A145C77E8}.Release|Any CPU.ActiveCfg = Release|Any CPU
		{EA69F55A-BFFF-E3EB-7651-513A145C77E8}.Release|Any CPU.Build.0 = Release|Any CPU
		{59D36363-8BC4-A50C-4964-7EAB6CB4F117}.Debug|Any CPU.ActiveCfg = Debug|Any CPU
		{59D36363-8BC4-A50C-4964-7EAB6CB4F117}.Debug|Any CPU.Build.0 = Debug|Any CPU
		{59D36363-8BC4-A50C-4964-7EAB6CB4F117}.Release|Any CPU.ActiveCfg = Release|Any CPU
		{59D36363-8BC4-A50C-4964-7EAB6CB4F117}.Release|Any CPU.Build.0 = Release|Any CPU
		{38B82785-4DA2-964E-F3DF-20DBCAAC1679}.Debug|Any CPU.ActiveCfg = Debug|Any CPU
		{38B82785-4DA2-964E-F3DF-20DBCAAC1679}.Debug|Any CPU.Build.0 = Debug|Any CPU
		{38B82785-4DA2-964E-F3DF-20DBCAAC1679}.Release|Any CPU.ActiveCfg = Release|Any CPU
		{38B82785-4DA2-964E-F3DF-20DBCAAC1679}.Release|Any CPU.Build.0 = Release|Any CPU
		{A072F145-DF0C-7014-2E09-9D1BCE244E18}.Debug|Any CPU.ActiveCfg = Debug|Any CPU
		{A072F145-DF0C-7014-2E09-9D1BCE244E18}.Debug|Any CPU.Build.0 = Debug|Any CPU
		{A072F145-DF0C-7014-2E09-9D1BCE244E18}.Release|Any CPU.ActiveCfg = Release|Any CPU
		{A072F145-DF0C-7014-2E09-9D1BCE244E18}.Release|Any CPU.Build.0 = Release|Any CPU
	EndGlobalSection
	GlobalSection(SolutionProperties) = preSolution
		HideSolutionNode = FALSE
	EndGlobalSection
EndGlobal
